
Microsoft Visual Studio Solution File, Format Version 12.00
# Visual Studio 15
VisualStudioVersion = 15.0.28010.2041
MinimumVisualStudioVersion = 10.0.40219.1
Project("{FAE04EC0-301F-11D3-BF4B-00C04F79EFBC}") = "StudyServiceStack", "StudyServiceStack\StudyServiceStack.csproj", "{4143C7EA-F3E3-4A95-BE61-2A41C950B0DC}"
EndProject
Project("{FAE04EC0-301F-11D3-BF4B-00C04F79EFBC}") = "StudyServiceStack.UnitTesting", "StudyServiceStack.UnitTesting\StudyServiceStack.UnitTesting.csproj", "{F0EA2192-650F-440A-AA26-46E586200C5E}"
EndProject
Project("{FAE04EC0-301F-11D3-BF4B-00C04F79EFBC}") = "StudyServiceStack.ConsoleTestApp", "StudyServiceStack.ConsoleTestApp\StudyServiceStack.ConsoleTestApp.csproj", "{3D23AEB8-20AE-4CC7-9DB3-7FA381732126}"
EndProject
Project("{2150E333-8FDC-42A3-9474-1A3956D46DE8}") = "Data", "Data", "{9DE317CC-1362-4A3A-A08E-7F5B3F32B2B2}"
	ProjectSection(SolutionItems) = preProject
		Data\SampleData.json = Data\SampleData.json
	EndProjectSection
EndProject
Global
	GlobalSection(SolutionConfigurationPlatforms) = preSolution
		Debug|Any CPU = Debug|Any CPU
		Release|Any CPU = Release|Any CPU
	EndGlobalSection
	GlobalSection(ProjectConfigurationPlatforms) = postSolution
		{4143C7EA-F3E3-4A95-BE61-2A41C950B0DC}.Debug|Any CPU.ActiveCfg = Debug|Any CPU
		{4143C7EA-F3E3-4A95-BE61-2A41C950B0DC}.Debug|Any CPU.Build.0 = Debug|Any CPU
		{4143C7EA-F3E3-4A95-BE61-2A41C950B0DC}.Release|Any CPU.ActiveCfg = Release|Any CPU
		{4143C7EA-F3E3-4A95-BE61-2A41C950B0DC}.Release|Any CPU.Build.0 = Release|Any CPU
		{F0EA2192-650F-440A-AA26-46E586200C5E}.Debug|Any CPU.ActiveCfg = Debug|Any CPU
		{F0EA2192-650F-440A-AA26-46E586200C5E}.Debug|Any CPU.Build.0 = Debug|Any CPU
		{F0EA2192-650F-440A-AA26-46E586200C5E}.Release|Any CPU.ActiveCfg = Release|Any CPU
		{F0EA2192-650F-440A-AA26-46E586200C5E}.Release|Any CPU.Build.0 = Release|Any CPU
		{3D23AEB8-20AE-4CC7-9DB3-7FA381732126}.Debug|Any CPU.ActiveCfg = Debug|Any CPU
		{3D23AEB8-20AE-4CC7-9DB3-7FA381732126}.Debug|Any CPU.Build.0 = Debug|Any CPU
		{3D23AEB8-20AE-4CC7-9DB3-7FA381732126}.Release|Any CPU.ActiveCfg = Release|Any CPU
		{3D23AEB8-20AE-4CC7-9DB3-7FA381732126}.Release|Any CPU.Build.0 = Release|Any CPU
	EndGlobalSection
	GlobalSection(SolutionProperties) = preSolution
		HideSolutionNode = FALSE
	EndGlobalSection
	GlobalSection(ExtensibilityGlobals) = postSolution
		SolutionGuid = {0DCC56C0-3ADC-4353-8D64-853039D41819}
	EndGlobalSection
EndGlobal
